
Microsoft Visual Studio Solution File, Format Version 12.00
# Visual Studio Version 16
VisualStudioVersion = 16.0.29102.190
MinimumVisualStudioVersion = 10.0.40219.1
Project("{FAE04EC0-301F-11D3-BF4B-00C04F79EFBC}") = "paylocityx", "paylocityx.csproj", "{B5D1464F-FD06-4535-9053-0D4471800BF3}"
EndProject
Global
	GlobalSection(SolutionConfigurationPlatforms) = preSolution
		Debug|Any CPU = Debug|Any CPU
		Release|Any CPU = Release|Any CPU
	EndGlobalSection
	GlobalSection(ProjectConfigurationPlatforms) = postSolution
		{B5D1464F-FD06-4535-9053-0D4471800BF3}.Debug|Any CPU.ActiveCfg = Debug|Any CPU
		{B5D1464F-FD06-4535-9053-0D4471800BF3}.Debug|Any CPU.Build.0 = Debug|Any CPU
		{B5D1464F-FD06-4535-9053-0D4471800BF3}.Release|Any CPU.ActiveCfg = Release|Any CPU
		{B5D1464F-FD06-4535-9053-0D4471800BF3}.Release|Any CPU.Build.0 = Release|Any CPU
	EndGlobalSection
	GlobalSection(SolutionProperties) = preSolution
		HideSolutionNode = FALSE
	EndGlobalSection
	GlobalSection(ExtensibilityGlobals) = postSolution
		SolutionGuid = {7E4A3CCC-A739-4772-B34F-53F2A677152D}
	EndGlobalSection
EndGlobal
